
Microsoft Visual Studio Solution File, Format Version 12.00
# Visual Studio 15
VisualStudioVersion = 15.0.28010.2050
MinimumVisualStudioVersion = 10.0.40219.1
Project("{FAE04EC0-301F-11D3-BF4B-00C04F79EFBC}") = "Opdracht2.5", "Opdracht2.5\Opdracht2.5.csproj", "{FDBB17C8-D59C-4442-8C6F-D18A562754CD}"
EndProject
Global
	GlobalSection(SolutionConfigurationPlatforms) = preSolution
		Debug|Any CPU = Debug|Any CPU
		Release|Any CPU = Release|Any CPU
	EndGlobalSection
	GlobalSection(ProjectConfigurationPlatforms) = postSolution
		{FDBB17C8-D59C-4442-8C6F-D18A562754CD}.Debug|Any CPU.ActiveCfg = Debug|Any CPU
		{FDBB17C8-D59C-4442-8C6F-D18A562754CD}.Debug|Any CPU.Build.0 = Debug|Any CPU
		{FDBB17C8-D59C-4442-8C6F-D18A562754CD}.Release|Any CPU.ActiveCfg = Release|Any CPU
		{FDBB17C8-D59C-4442-8C6F-D18A562754CD}.Release|Any CPU.Build.0 = Release|Any CPU
	EndGlobalSection
	GlobalSection(SolutionProperties) = preSolution
		HideSolutionNode = FALSE
	EndGlobalSection
	GlobalSection(ExtensibilityGlobals) = postSolution
		SolutionGuid = {7E931EDC-F632-486F-88CB-6A6FA6182B2E}
	EndGlobalSection
EndGlobal
