
Microsoft Visual Studio Solution File, Format Version 12.00
# Visual Studio 15
VisualStudioVersion = 15.0.28010.2050
MinimumVisualStudioVersion = 10.0.40219.1
Project("{FAE04EC0-301F-11D3-BF4B-00C04F79EFBC}") = "Opdracht8.1", "Opdracht8.1\Opdracht8.1.csproj", "{E3822ECB-CBBD-4FEE-8DA6-9677A73A51D1}"
EndProject
Project("{FAE04EC0-301F-11D3-BF4B-00C04F79EFBC}") = "Opdracht8.2", "Opdracht8.2\Opdracht8.2.csproj", "{1FDE0387-D0D4-49C2-A5BF-07CE1FCD83FB}"
EndProject
Project("{FAE04EC0-301F-11D3-BF4B-00C04F79EFBC}") = "Opdracht8.3", "Opdracht8.3\Opdracht8.3.csproj", "{C30F0692-F390-4FC3-98C2-2D55BCA39C2C}"
EndProject
Project("{FAE04EC0-301F-11D3-BF4B-00C04F79EFBC}") = "Opdracht8.4", "Opdracht8.4\Opdracht8.4.csproj", "{B7628C90-FEEE-4397-A483-A9420BD9AB0C}"
EndProject
Project("{FAE04EC0-301F-11D3-BF4B-00C04F79EFBC}") = "Opdracht8.5", "Opdracht8.5\Opdracht8.5.csproj", "{5901715C-0E8E-46C4-BA74-986D28328684}"
EndProject
Global
	GlobalSection(SolutionConfigurationPlatforms) = preSolution
		Debug|Any CPU = Debug|Any CPU
		Release|Any CPU = Release|Any CPU
	EndGlobalSection
	GlobalSection(ProjectConfigurationPlatforms) = postSolution
		{E3822ECB-CBBD-4FEE-8DA6-9677A73A51D1}.Debug|Any CPU.ActiveCfg = Debug|Any CPU
		{E3822ECB-CBBD-4FEE-8DA6-9677A73A51D1}.Debug|Any CPU.Build.0 = Debug|Any CPU
		{E3822ECB-CBBD-4FEE-8DA6-9677A73A51D1}.Release|Any CPU.ActiveCfg = Release|Any CPU
		{E3822ECB-CBBD-4FEE-8DA6-9677A73A51D1}.Release|Any CPU.Build.0 = Release|Any CPU
		{1FDE0387-D0D4-49C2-A5BF-07CE1FCD83FB}.Debug|Any CPU.ActiveCfg = Debug|Any CPU
		{1FDE0387-D0D4-49C2-A5BF-07CE1FCD83FB}.Debug|Any CPU.Build.0 = Debug|Any CPU
		{1FDE0387-D0D4-49C2-A5BF-07CE1FCD83FB}.Release|Any CPU.ActiveCfg = Release|Any CPU
		{1FDE0387-D0D4-49C2-A5BF-07CE1FCD83FB}.Release|Any CPU.Build.0 = Release|Any CPU
		{C30F0692-F390-4FC3-98C2-2D55BCA39C2C}.Debug|Any CPU.ActiveCfg = Debug|Any CPU
		{C30F0692-F390-4FC3-98C2-2D55BCA39C2C}.Debug|Any CPU.Build.0 = Debug|Any CPU
		{C30F0692-F390-4FC3-98C2-2D55BCA39C2C}.Release|Any CPU.ActiveCfg = Release|Any CPU
		{C30F0692-F390-4FC3-98C2-2D55BCA39C2C}.Release|Any CPU.Build.0 = Release|Any CPU
		{B7628C90-FEEE-4397-A483-A9420BD9AB0C}.Debug|Any CPU.ActiveCfg = Debug|Any CPU
		{B7628C90-FEEE-4397-A483-A9420BD9AB0C}.Debug|Any CPU.Build.0 = Debug|Any CPU
		{B7628C90-FEEE-4397-A483-A9420BD9AB0C}.Release|Any CPU.ActiveCfg = Release|Any CPU
		{B7628C90-FEEE-4397-A483-A9420BD9AB0C}.Release|Any CPU.Build.0 = Release|Any CPU
		{5901715C-0E8E-46C4-BA74-986D28328684}.Debug|Any CPU.ActiveCfg = Debug|Any CPU
		{5901715C-0E8E-46C4-BA74-986D28328684}.Debug|Any CPU.Build.0 = Debug|Any CPU
		{5901715C-0E8E-46C4-BA74-986D28328684}.Release|Any CPU.ActiveCfg = Release|Any CPU
		{5901715C-0E8E-46C4-BA74-986D28328684}.Release|Any CPU.Build.0 = Release|Any CPU
	EndGlobalSection
	GlobalSection(SolutionProperties) = preSolution
		HideSolutionNode = FALSE
	EndGlobalSection
	GlobalSection(ExtensibilityGlobals) = postSolution
		SolutionGuid = {805B33C9-DC1A-4772-909B-42F542829238}
	EndGlobalSection
EndGlobal
