
Microsoft Visual Studio Solution File, Format Version 12.00
# Visual Studio 15
VisualStudioVersion = 15.0.28010.2050
MinimumVisualStudioVersion = 10.0.40219.1
Project("{FAE04EC0-301F-11D3-BF4B-00C04F79EFBC}") = "Opdracht2.2", "Opdracht2.2\Opdracht2.2.csproj", "{DA2308C7-664A-44D9-8BA0-8DE138EF9D7D}"
EndProject
Global
	GlobalSection(SolutionConfigurationPlatforms) = preSolution
		Debug|Any CPU = Debug|Any CPU
		Release|Any CPU = Release|Any CPU
	EndGlobalSection
	GlobalSection(ProjectConfigurationPlatforms) = postSolution
		{DA2308C7-664A-44D9-8BA0-8DE138EF9D7D}.Debug|Any CPU.ActiveCfg = Debug|Any CPU
		{DA2308C7-664A-44D9-8BA0-8DE138EF9D7D}.Debug|Any CPU.Build.0 = Debug|Any CPU
		{DA2308C7-664A-44D9-8BA0-8DE138EF9D7D}.Release|Any CPU.ActiveCfg = Release|Any CPU
		{DA2308C7-664A-44D9-8BA0-8DE138EF9D7D}.Release|Any CPU.Build.0 = Release|Any CPU
	EndGlobalSection
	GlobalSection(SolutionProperties) = preSolution
		HideSolutionNode = FALSE
	EndGlobalSection
	GlobalSection(ExtensibilityGlobals) = postSolution
		SolutionGuid = {78532467-9A63-4A53-895D-EC2D11D70445}
	EndGlobalSection
EndGlobal
