
Microsoft Visual Studio Solution File, Format Version 12.00
# Visual Studio 15
VisualStudioVersion = 15.0.28010.2050
MinimumVisualStudioVersion = 10.0.40219.1
Project("{FAE04EC0-301F-11D3-BF4B-00C04F79EFBC}") = "Opdracht1.1", "Opdracht1.1\Opdracht1.1.csproj", "{F71AF7CC-DD7A-490D-98AD-88DC2C0322BA}"
EndProject
Global
	GlobalSection(SolutionConfigurationPlatforms) = preSolution
		Debug|Any CPU = Debug|Any CPU
		Release|Any CPU = Release|Any CPU
	EndGlobalSection
	GlobalSection(ProjectConfigurationPlatforms) = postSolution
		{F71AF7CC-DD7A-490D-98AD-88DC2C0322BA}.Debug|Any CPU.ActiveCfg = Debug|Any CPU
		{F71AF7CC-DD7A-490D-98AD-88DC2C0322BA}.Debug|Any CPU.Build.0 = Debug|Any CPU
		{F71AF7CC-DD7A-490D-98AD-88DC2C0322BA}.Release|Any CPU.ActiveCfg = Release|Any CPU
		{F71AF7CC-DD7A-490D-98AD-88DC2C0322BA}.Release|Any CPU.Build.0 = Release|Any CPU
	EndGlobalSection
	GlobalSection(SolutionProperties) = preSolution
		HideSolutionNode = FALSE
	EndGlobalSection
	GlobalSection(ExtensibilityGlobals) = postSolution
		SolutionGuid = {A36AC70C-0665-46B1-9250-A1C53CCA28D5}
	EndGlobalSection
EndGlobal
